<?xml version="1.0" encoding="utf-8"?>
<Project ToolsVersion="4.0" xmlns="http://schemas.microsoft.com/developer/msbuild/2003">
  <ItemGroup>
    <Filter Include="Source Files">
      <UniqueIdentifier>{4FC737F1-C7A5-4376-A066-2A32D752A2FF}</UniqueIdentifier>
      <Extensions>cpp;c;cc;cxx;def;odl;idl;hpj;bat;asm;asmx</Extensions>
    </Filter>
    <Filter Include="Header Files">
      <UniqueIdentifier>{93995380-89BD-4b04-88EB-625FBE52EBFB}</UniqueIdentifier>
      <Extensions>h;hh;hpp;hxx;hm;inl;inc;ipp;xsd</Extensions>
    </Filter>
    <Filter Include="Resource Files">
      <UniqueIdentifier>{67DA6AB6-F800-4c08-8B7A-83BB121AAD01}</UniqueIdentifier>
      <Extensions>rc;ico;cur;bmp;dlg;rc2;rct;bin;rgs;gif;jpg;jpeg;jpe;resx;tiff;tif;png;wav;mfcribbon-ms</Extensions>
    </Filter>
  </ItemGroup>
  <ItemGroup>
    <ClInclude Include="PPTCPIOCPServer.h">
      <Filter>Header Files</Filter>
    </ClInclude>
    <ClInclude Include="PPInclude.h">
      <Filter>Header Files</Filter>
    </ClInclude>
    <ClInclude Include="PPNetworkObject.h">
      <Filter>Header Files</Filter>
    </ClInclude>
    <ClInclude Include="PPSession.h">
      <Filter>Header Files</Filter>
    </ClInclude>
    <ClInclude Include="PPSingleton.h">
      <Filter>Header Files</Filter>
    </ClInclude>
    <ClInclude Include="PPIOCP.h">
      <Filter>Header Files</Filter>
    </ClInclude>
    <ClInclude Include="PPOVERLAPPED.h">
      <Filter>Header Files</Filter>
    </ClInclude>
    <ClInclude Include="PPSender.h">
      <Filter>Header Files</Filter>
    </ClInclude>
    <ClInclude Include="PPReceiver.h">
      <Filter>Header Files</Filter>
    </ClInclude>
    <ClInclude Include="PPSessionManager.h">
      <Filter>Header Files</Filter>
    </ClInclude>
    <ClInclude Include="PPRecvPacketPool.h">
      <Filter>Header Files</Filter>
    </ClInclude>
    <ClInclude Include="PPTCPIOCPClient.h">
      <Filter>Header Files</Filter>
    </ClInclude>
    <ClInclude Include="PPPacketPool.h">
      <Filter>Header Files</Filter>
    </ClInclude>
    <ClInclude Include="PPClientRecvPacketPool.h">
      <Filter>Header Files</Filter>
    </ClInclude>
    <ClInclude Include="PPServerRecvPacketPool.h">
      <Filter>Header Files</Filter>
    </ClInclude>
    <ClInclude Include="PPProtocol.h">
      <Filter>Header Files</Filter>
    </ClInclude>
    <ClInclude Include="PPItachHunter.h">
      <Filter>Header Files</Filter>
    </ClInclude>
  </ItemGroup>
  <ItemGroup>
    <ClCompile Include="PPTCPIOCPServer.cpp">
      <Filter>Source Files</Filter>
    </ClCompile>
    <ClCompile Include="PPNetworkObject.cpp">
      <Filter>Source Files</Filter>
    </ClCompile>
    <ClCompile Include="PPIOCP.cpp">
      <Filter>Source Files</Filter>
    </ClCompile>
    <ClCompile Include="PPSender.cpp">
      <Filter>Source Files</Filter>
    </ClCompile>
    <ClCompile Include="PPReceiver.cpp">
      <Filter>Source Files</Filter>
    </ClCompile>
    <ClCompile Include="PPSessionManager.cpp">
      <Filter>Source Files</Filter>
    </ClCompile>
    <ClCompile Include="PPRecvPacketPool.cpp">
      <Filter>Source Files</Filter>
    </ClCompile>
    <ClCompile Include="PPTCPIOCPClient.cpp">
      <Filter>Source Files</Filter>
    </ClCompile>
    <ClCompile Include="PPSession.cpp">
      <Filter>Source Files</Filter>
    </ClCompile>
    <ClCompile Include="PPPacketPool.cpp">
      <Filter>Source Files</Filter>
    </ClCompile>
    <ClCompile Include="PPClientRecvPacketPool.cpp">
      <Filter>Source Files</Filter>
    </ClCompile>
    <ClCompile Include="PPServerRecvPacketPool.cpp">
      <Filter>Source Files</Filter>
    </ClCompile>
    <ClCompile Include="PPItachHunter.cpp">
      <Filter>Source Files</Filter>
    </ClCompile>
  </ItemGroup>
  <ItemGroup>
    <None Include="ClassDiagram.cd" />
  </ItemGroup>
</Project>