
Microsoft Visual Studio Solution File, Format Version 12.00
# Visual Studio 15
VisualStudioVersion = 15.0.28010.2016
MinimumVisualStudioVersion = 10.0.40219.1
Project("{8BC9CEB8-8B4A-11D0-8D11-00A0C91BC942}") = "libppnetwork", "libppnetwork\libppnetwork.vcxproj", "{398A5316-FE7D-410B-8AF9-C1244FA78AC5}"
EndProject
Project("{8BC9CEB8-8B4A-11D0-8D11-00A0C91BC942}") = "PPTCPIOCPServer", "PPTCPIOCPServer\PPTCPIOCPServer.vcxproj", "{18AE0492-26D1-4EF3-BCA2-1F8DEBF0E99C}"
	ProjectSection(ProjectDependencies) = postProject
		{398A5316-FE7D-410B-8AF9-C1244FA78AC5} = {398A5316-FE7D-410B-8AF9-C1244FA78AC5}
	EndProjectSection
EndProject
Global
	GlobalSection(SolutionConfigurationPlatforms) = preSolution
		Debug|x64 = Debug|x64
		Debug|x86 = Debug|x86
		Release|x64 = Release|x64
		Release|x86 = Release|x86
	EndGlobalSection
	GlobalSection(ProjectConfigurationPlatforms) = postSolution
		{398A5316-FE7D-410B-8AF9-C1244FA78AC5}.Debug|x64.ActiveCfg = Debug|x64
		{398A5316-FE7D-410B-8AF9-C1244FA78AC5}.Debug|x64.Build.0 = Debug|x64
		{398A5316-FE7D-410B-8AF9-C1244FA78AC5}.Debug|x86.ActiveCfg = Debug|Win32
		{398A5316-FE7D-410B-8AF9-C1244FA78AC5}.Debug|x86.Build.0 = Debug|Win32
		{398A5316-FE7D-410B-8AF9-C1244FA78AC5}.Release|x64.ActiveCfg = Release|x64
		{398A5316-FE7D-410B-8AF9-C1244FA78AC5}.Release|x64.Build.0 = Release|x64
		{398A5316-FE7D-410B-8AF9-C1244FA78AC5}.Release|x86.ActiveCfg = Release|Win32
		{398A5316-FE7D-410B-8AF9-C1244FA78AC5}.Release|x86.Build.0 = Release|Win32
		{18AE0492-26D1-4EF3-BCA2-1F8DEBF0E99C}.Debug|x64.ActiveCfg = Debug|x64
		{18AE0492-26D1-4EF3-BCA2-1F8DEBF0E99C}.Debug|x64.Build.0 = Debug|x64
		{18AE0492-26D1-4EF3-BCA2-1F8DEBF0E99C}.Debug|x86.ActiveCfg = Debug|Win32
		{18AE0492-26D1-4EF3-BCA2-1F8DEBF0E99C}.Debug|x86.Build.0 = Debug|Win32
		{18AE0492-26D1-4EF3-BCA2-1F8DEBF0E99C}.Release|x64.ActiveCfg = Release|x64
		{18AE0492-26D1-4EF3-BCA2-1F8DEBF0E99C}.Release|x64.Build.0 = Release|x64
		{18AE0492-26D1-4EF3-BCA2-1F8DEBF0E99C}.Release|x86.ActiveCfg = Release|Win32
		{18AE0492-26D1-4EF3-BCA2-1F8DEBF0E99C}.Release|x86.Build.0 = Release|Win32
	EndGlobalSection
	GlobalSection(SolutionProperties) = preSolution
		HideSolutionNode = FALSE
	EndGlobalSection
	GlobalSection(ExtensibilityGlobals) = postSolution
		SolutionGuid = {5A1BEEBD-4BCE-418D-B547-4BE94E86353F}
	EndGlobalSection
EndGlobal
